// !$*UTF8*$!
{
	archiveVersion = 1;
	classes = {
	};
	objectVersion = 46;
	objects = {

/* Begin PBXBuildFile section */
		2B38D0741BB066B0005FD08D /* AppDelegate.swift in Sources */ = {isa = PBXBuildFile; fileRef = 2B38D0731BB066B0005FD08D /* AppDelegate.swift */; };
		2B38D0761BB066B0005FD08D /* RecordSoundsViewController.swift in Sources */ = {isa = PBXBuildFile; fileRef = 2B38D0751BB066B0005FD08D /* RecordSoundsViewController.swift */; };
		2B38D0791BB066B0005FD08D /* Main.storyboard in Resources */ = {isa = PBXBuildFile; fileRef = 2B38D0771BB066B0005FD08D /* Main.storyboard */; };
		2B38D07B1BB066B0005FD08D /* Assets.xcassets in Resources */ = {isa = PBXBuildFile; fileRef = 2B38D07A1BB066B0005FD08D /* Assets.xcassets */; };
		2B38D07E1BB066B0005FD08D /* LaunchScreen.storyboard in Resources */ = {isa = PBXBuildFile; fileRef = 2B38D07C1BB066B0005FD08D /* LaunchScreen.storyboard */; };
		2B38D0891BB066B0005FD08D /* Pitch_PerfectTests.swift in Sources */ = {isa = PBXBuildFile; fileRef = 2B38D0881BB066B0005FD08D /* Pitch_PerfectTests.swift */; };
		2B38D0941BB066B0005FD08D /* Pitch_PerfectUITests.swift in Sources */ = {isa = PBXBuildFile; fileRef = 2B38D0931BB066B0005FD08D /* Pitch_PerfectUITests.swift */; };
		2B38D0A21BB10249005FD08D /* PlaySoundsViewController.swift in Sources */ = {isa = PBXBuildFile; fileRef = 2B38D0A11BB10249005FD08D /* PlaySoundsViewController.swift */; settings = {ASSET_TAGS = (); }; };
		2B38D0A61BB1050C005FD08D /* movie_quote.mp3 in Resources */ = {isa = PBXBuildFile; fileRef = 2B38D0A51BB1050C005FD08D /* movie_quote.mp3 */; settings = {ASSET_TAGS = (); }; };
		2B38D0A81BB11544005FD08D /* RecordedAudio.swift in Sources */ = {isa = PBXBuildFile; fileRef = 2B38D0A71BB11544005FD08D /* RecordedAudio.swift */; settings = {ASSET_TAGS = (); }; };
/* End PBXBuildFile section */

/* Begin PBXContainerItemProxy section */
		2B38D0851BB066B0005FD08D /* PBXContainerItemProxy */ = {
			isa = PBXContainerItemProxy;
			containerPortal = 2B38D0681BB066B0005FD08D /* Project object */;
			proxyType = 1;
			remoteGlobalIDString = 2B38D06F1BB066B0005FD08D;
			remoteInfo = "Pitch Perfect";
		};
		2B38D0901BB066B0005FD08D /* PBXContainerItemProxy */ = {
			isa = PBXContainerItemProxy;
			containerPortal = 2B38D0681BB066B0005FD08D /* Project object */;
			proxyType = 1;
			remoteGlobalIDString = 2B38D06F1BB066B0005FD08D;
			remoteInfo = "Pitch Perfect";
		};
/* End PBXContainerItemProxy section */

/* Begin PBXFileReference section */
		2B38D0701BB066B0005FD08D /* Pitch Perfect.app */ = {isa = PBXFileReference; explicitFileType = wrapper.application; includeInIndex = 0; path = "Pitch Perfect.app"; sourceTree = BUILT_PRODUCTS_DIR; };
		2B38D0731BB066B0005FD08D /* AppDelegate.swift */ = {isa = PBXFileReference; lastKnownFileType = sourcecode.swift; path = AppDelegate.swift; sourceTree = "<group>"; };
		2B38D0751BB066B0005FD08D /* RecordSoundsViewController.swift */ = {isa = PBXFileReference; lastKnownFileType = sourcecode.swift; path = RecordSoundsViewController.swift; sourceTree = "<group>"; };
		2B38D0781BB066B0005FD08D /* Base */ = {isa = PBXFileReference; lastKnownFileType = file.storyboard; name = Base; path = Base.lproj/Main.storyboard; sourceTree = "<group>"; };
		2B38D07A1BB066B0005FD08D /* Assets.xcassets */ = {isa = PBXFileReference; lastKnownFileType = folder.assetcatalog; path = Assets.xcassets; sourceTree = "<group>"; };
		2B38D07D1BB066B0005FD08D /* Base */ = {isa = PBXFileReference; lastKnownFileType = file.storyboard; name = Base; path = Base.lproj/LaunchScreen.storyboard; sourceTree = "<group>"; };
		2B38D07F1BB066B0005FD08D /* Info.plist */ = {isa = PBXFileReference; lastKnownFileType = text.plist.xml; path = Info.plist; sourceTree = "<group>"; };
		2B38D0841BB066B0005FD08D /* Pitch PerfectTests.xctest */ = {isa = PBXFileReference; explicitFileType = wrapper.cfbundle; includeInIndex = 0; path = "Pitch PerfectTests.xctest"; sourceTree = BUILT_PRODUCTS_DIR; };
		2B38D0881BB066B0005FD08D /* Pitch_PerfectTests.swift */ = {isa = PBXFileReference; lastKnownFileType = sourcecode.swift; path = Pitch_PerfectTests.swift; sourceTree = "<group>"; };
		2B38D08A1BB066B0005FD08D /* Info.plist */ = {isa = PBXFileReference; lastKnownFileType = text.plist.xml; path = Info.plist; sourceTree = "<group>"; };
		2B38D08F1BB066B0005FD08D /* Pitch PerfectUITests.xctest */ = {isa = PBXFileReference; explicitFileType = wrapper.cfbundle; includeInIndex = 0; path = "Pitch PerfectUITests.xctest"; sourceTree = BUILT_PRODUCTS_DIR; };
		2B38D0931BB066B0005FD08D /* Pitch_PerfectUITests.swift */ = {isa = PBXFileReference; lastKnownFileType = sourcecode.swift; path = Pitch_PerfectUITests.swift; sourceTree = "<group>"; };
		2B38D0951BB066B0005FD08D /* Info.plist */ = {isa = PBXFileReference; lastKnownFileType = text.plist.xml; path = Info.plist; sourceTree = "<group>"; };
		2B38D0A11BB10249005FD08D /* PlaySoundsViewController.swift */ = {isa = PBXFileReference; fileEncoding = 4; lastKnownFileType = sourcecode.swift; path = PlaySoundsViewController.swift; sourceTree = "<group>"; };
		2B38D0A51BB1050C005FD08D /* movie_quote.mp3 */ = {isa = PBXFileReference; lastKnownFileType = audio.mp3; name = movie_quote.mp3; path = ../movie_quote.mp3; sourceTree = "<group>"; };
		2B38D0A71BB11544005FD08D /* RecordedAudio.swift */ = {isa = PBXFileReference; fileEncoding = 4; lastKnownFileType = sourcecode.swift; path = RecordedAudio.swift; sourceTree = "<group>"; };
/* End PBXFileReference section */

/* Begin PBXFrameworksBuildPhase section */
		2B38D06D1BB066B0005FD08D /* Frameworks */ = {
			isa = PBXFrameworksBuildPhase;
			buildActionMask = 2147483647;
			files = (
			);
			runOnlyForDeploymentPostprocessing = 0;
		};
		2B38D0811BB066B0005FD08D /* Frameworks */ = {
			isa = PBXFrameworksBuildPhase;
			buildActionMask = 2147483647;
			files = (
			);
			runOnlyForDeploymentPostprocessing = 0;
		};
		2B38D08C1BB066B0005FD08D /* Frameworks */ = {
			isa = PBXFrameworksBuildPhase;
			buildActionMask = 2147483647;
			files = (
			);
			runOnlyForDeploymentPostprocessing = 0;
		};
/* End PBXFrameworksBuildPhase section */

/* Begin PBXGroup section */
		2B38D0671BB066B0005FD08D = {
			isa = PBXGroup;
			children = (
				2B38D0721BB066B0005FD08D /* Pitch Perfect */,
				2B38D0871BB066B0005FD08D /* Pitch PerfectTests */,
				2B38D0921BB066B0005FD08D /* Pitch PerfectUITests */,
				2B38D0711BB066B0005FD08D /* Products */,
			);
			sourceTree = "<group>";
		};
		2B38D0711BB066B0005FD08D /* Products */ = {
			isa = PBXGroup;
			children = (
				2B38D0701BB066B0005FD08D /* Pitch Perfect.app */,
				2B38D0841BB066B0005FD08D /* Pitch PerfectTests.xctest */,
				2B38D08F1BB066B0005FD08D /* Pitch PerfectUITests.xctest */,
			);
			name = Products;
			sourceTree = "<group>";
		};
		2B38D0721BB066B0005FD08D /* Pitch Perfect */ = {
			isa = PBXGroup;
			children = (
				2B38D0731BB066B0005FD08D /* AppDelegate.swift */,
				2BED94571BC74308005CD498 /* Model */,
				2BED94581BC74315005CD498 /* View */,
				2BED94591BC74341005CD498 /* Controller */,
				2B38D07F1BB066B0005FD08D /* Info.plist */,
			);
			path = "Pitch Perfect";
			sourceTree = "<group>";
		};
		2B38D0871BB066B0005FD08D /* Pitch PerfectTests */ = {
			isa = PBXGroup;
			children = (
				2B38D0881BB066B0005FD08D /* Pitch_PerfectTests.swift */,
				2B38D08A1BB066B0005FD08D /* Info.plist */,
			);
			path = "Pitch PerfectTests";
			sourceTree = "<group>";
		};
		2B38D0921BB066B0005FD08D /* Pitch PerfectUITests */ = {
			isa = PBXGroup;
			children = (
				2B38D0931BB066B0005FD08D /* Pitch_PerfectUITests.swift */,
				2B38D0951BB066B0005FD08D /* Info.plist */,
			);
			path = "Pitch PerfectUITests";
			sourceTree = "<group>";
		};
		2BED94571BC74308005CD498 /* Model */ = {
			isa = PBXGroup;
			children = (
				2B38D0A51BB1050C005FD08D /* movie_quote.mp3 */,
				2B38D0A71BB11544005FD08D /* RecordedAudio.swift */,
			);
			name = Model;
			sourceTree = "<group>";
		};
		2BED94581BC74315005CD498 /* View */ = {
			isa = PBXGroup;
			children = (
				2B38D07A1BB066B0005FD08D /* Assets.xcassets */,
				2B38D0771BB066B0005FD08D /* Main.storyboard */,
				2B38D07C1BB066B0005FD08D /* LaunchScreen.storyboard */,
			);
			name = View;
			sourceTree = "<group>";
		};
		2BED94591BC74341005CD498 /* Controller */ = {
			isa = PBXGroup;
			children = (
				2B38D0751BB066B0005FD08D /* RecordSoundsViewController.swift */,
				2B38D0A11BB10249005FD08D /* PlaySoundsViewController.swift */,
			);
			name = Controller;
			sourceTree = "<group>";
		};
/* End PBXGroup section */

/* Begin PBXNativeTarget section */
		2B38D06F1BB066B0005FD08D /* Pitch Perfect */ = {
			isa = PBXNativeTarget;
			buildConfigurationList = 2B38D0981BB066B0005FD08D /* Build configuration list for PBXNativeTarget "Pitch Perfect" */;
			buildPhases = (
				2B38D06C1BB066B0005FD08D /* Sources */,
				2B38D06D1BB066B0005FD08D /* Frameworks */,
				2B38D06E1BB066B0005FD08D /* Resources */,
			);
			buildRules = (
			);
			dependencies = (
			);
			name = "Pitch Perfect";
			productName = "Pitch Perfect";
			productReference = 2B38D0701BB066B0005FD08D /* Pitch Perfect.app */;
			productType = "com.apple.product-type.application";
		};
		2B38D0831BB066B0005FD08D /* Pitch PerfectTests */ = {
			isa = PBXNativeTarget;
			buildConfigurationList = 2B38D09B1BB066B0005FD08D /* Build configuration list for PBXNativeTarget "Pitch PerfectTests" */;
			buildPhases = (
				2B38D0801BB066B0005FD08D /* Sources */,
				2B38D0811BB066B0005FD08D /* Frameworks */,
				2B38D0821BB066B0005FD08D /* Resources */,
			);
			buildRules = (
			);
			dependencies = (
				2B38D0861BB066B0005FD08D /* PBXTargetDependency */,
			);
			name = "Pitch PerfectTests";
			productName = "Pitch PerfectTests";
			productReference = 2B38D0841BB066B0005FD08D /* Pitch PerfectTests.xctest */;
			productType = "com.apple.product-type.bundle.unit-test";
		};
		2B38D08E1BB066B0005FD08D /* Pitch PerfectUITests */ = {
			isa = PBXNativeTarget;
			buildConfigurationList = 2B38D09E1BB066B0005FD08D /* Build configuration list for PBXNativeTarget "Pitch PerfectUITests" */;
			buildPhases = (
				2B38D08B1BB066B0005FD08D /* Sources */,
				2B38D08C1BB066B0005FD08D /* Frameworks */,
				2B38D08D1BB066B0005FD08D /* Resources */,
			);
			buildRules = (
			);
			dependencies = (
				2B38D0911BB066B0005FD08D /* PBXTargetDependency */,
			);
			name = "Pitch PerfectUITests";
			productName = "Pitch PerfectUITests";
			productReference = 2B38D08F1BB066B0005FD08D /* Pitch PerfectUITests.xctest */;
			productType = "com.apple.product-type.bundle.ui-testing";
		};
/* End PBXNativeTarget section */

/* Begin PBXProject section */
		2B38D0681BB066B0005FD08D /* Project object */ = {
			isa = PBXProject;
			attributes = {
				LastUpgradeCheck = 0700;
				ORGANIZATIONNAME = "Victor Hong";
				TargetAttributes = {
					2B38D06F1BB066B0005FD08D = {
						CreatedOnToolsVersion = 7.0;
					};
					2B38D0831BB066B0005FD08D = {
						CreatedOnToolsVersion = 7.0;
						TestTargetID = 2B38D06F1BB066B0005FD08D;
					};
					2B38D08E1BB066B0005FD08D = {
						CreatedOnToolsVersion = 7.0;
						TestTargetID = 2B38D06F1BB066B0005FD08D;
					};
				};
			};
			buildConfigurationList = 2B38D06B1BB066B0005FD08D /* Build configuration list for PBXProject "Pitch Perfect" */;
			compatibilityVersion = "Xcode 3.2";
			developmentRegion = English;
			hasScannedForEncodings = 0;
			knownRegions = (
				en,
				Base,
			);
			mainGroup = 2B38D0671BB066B0005FD08D;
			productRefGroup = 2B38D0711BB066B0005FD08D /* Products */;
			projectDirPath = "";
			projectRoot = "";
			targets = (
				2B38D06F1BB066B0005FD08D /* Pitch Perfect */,
				2B38D0831BB066B0005FD08D /* Pitch PerfectTests */,
				2B38D08E1BB066B0005FD08D /* Pitch PerfectUITests */,
			);
		};
/* End PBXProject section */

/* Begin PBXResourcesBuildPhase section */
		2B38D06E1BB066B0005FD08D /* Resources */ = {
			isa = PBXResourcesBuildPhase;
			buildActionMask = 2147483647;
			files = (
				2B38D07E1BB066B0005FD08D /* LaunchScreen.storyboard in Resources */,
				2B38D07B1BB066B0005FD08D /* Assets.xcassets in Resources */,
				2B38D0A61BB1050C005FD08D /* movie_quote.mp3 in Resources */,
				2B38D0791BB066B0005FD08D /* Main.storyboard in Resources */,
			);
			runOnlyForDeploymentPostprocessing = 0;
		};
		2B38D0821BB066B0005FD08D /* Resources */ = {
			isa = PBXResourcesBuildPhase;
			buildActionMask = 2147483647;
			files = (
			);
			runOnlyForDeploymentPostprocessing = 0;
		};
		2B38D08D1BB066B0005FD08D /* Resources */ = {
			isa = PBXResourcesBuildPhase;
			buildActionMask = 2147483647;
			files = (
			);
			runOnlyForDeploymentPostprocessing = 0;
		};
/* End PBXResourcesBuildPhase section */

/* Begin PBXSourcesBuildPhase section */
		2B38D06C1BB066B0005FD08D /* Sources */ = {
			isa = PBXSourcesBuildPhase;
			buildActionMask = 2147483647;
			files = (
				2B38D0A81BB11544005FD08D /* RecordedAudio.swift in Sources */,
				2B38D0761BB066B0005FD08D /* RecordSoundsViewController.swift in Sources */,
				2B38D0A21BB10249005FD08D /* PlaySoundsViewController.swift in Sources */,
				2B38D0741BB066B0005FD08D /* AppDelegate.swift in Sources */,
			);
			runOnlyForDeploymentPostprocessing = 0;
		};
		2B38D0801BB066B0005FD08D /* Sources */ = {
			isa = PBXSourcesBuildPhase;
			buildActionMask = 2147483647;
			files = (
				2B38D0891BB066B0005FD08D /* Pitch_PerfectTests.swift in Sources */,
			);
			runOnlyForDeploymentPostprocessing = 0;
		};
		2B38D08B1BB066B0005FD08D /* Sources */ = {
			isa = PBXSourcesBuildPhase;
			buildActionMask = 2147483647;
			files = (
				2B38D0941BB066B0005FD08D /* Pitch_PerfectUITests.swift in Sources */,
			);
			runOnlyForDeploymentPostprocessing = 0;
		};
/* End PBXSourcesBuildPhase section */

/* Begin PBXTargetDependency section */
		2B38D0861BB066B0005FD08D /* PBXTargetDependency */ = {
			isa = PBXTargetDependency;
			target = 2B38D06F1BB066B0005FD08D /* Pitch Perfect */;
			targetProxy = 2B38D0851BB066B0005FD08D /* PBXContainerItemProxy */;
		};
		2B38D0911BB066B0005FD08D /* PBXTargetDependency */ = {
			isa = PBXTargetDependency;
			target = 2B38D06F1BB066B0005FD08D /* Pitch Perfect */;
			targetProxy = 2B38D0901BB066B0005FD08D /* PBXContainerItemProxy */;
		};
/* End PBXTargetDependency section */

/* Begin PBXVariantGroup section */
		2B38D0771BB066B0005FD08D /* Main.storyboard */ = {
			isa = PBXVariantGroup;
			children = (
				2B38D0781BB066B0005FD08D /* Base */,
			);
			name = Main.storyboard;
			sourceTree = "<group>";
		};
		2B38D07C1BB066B0005FD08D /* LaunchScreen.storyboard */ = {
			isa = PBXVariantGroup;
			children = (
				2B38D07D1BB066B0005FD08D /* Base */,
			);
			name = LaunchScreen.storyboard;
			sourceTree = "<group>";
		};
/* End PBXVariantGroup section */

/* Begin XCBuildConfiguration section */
		2B38D0961BB066B0005FD08D /* Debug */ = {
			isa = XCBuildConfiguration;
			buildSettings = {
				ALWAYS_SEARCH_USER_PATHS = NO;
				CLANG_CXX_LANGUAGE_STANDARD = "gnu++0x";
				CLANG_CXX_LIBRARY = "libc++";
				CLANG_ENABLE_MODULES = YES;
				CLANG_ENABLE_OBJC_ARC = YES;
				CLANG_WARN_BOOL_CONVERSION = YES;
				CLANG_WARN_CONSTANT_CONVERSION = YES;
				CLANG_WARN_DIRECT_OBJC_ISA_USAGE = YES_ERROR;
				CLANG_WARN_EMPTY_BODY = YES;
				CLANG_WARN_ENUM_CONVERSION = YES;
				CLANG_WARN_INT_CONVERSION = YES;
				CLANG_WARN_OBJC_ROOT_CLASS = YES_ERROR;
				CLANG_WARN_UNREACHABLE_CODE = YES;
				CLANG_WARN__DUPLICATE_METHOD_MATCH = YES;
				"CODE_SIGN_IDENTITY[sdk=iphoneos*]" = "iPhone Developer";
				COPY_PHASE_STRIP = NO;
				DEBUG_INFORMATION_FORMAT = dwarf;
				ENABLE_STRICT_OBJC_MSGSEND = YES;
				ENABLE_TESTABILITY = YES;
				GCC_C_LANGUAGE_STANDARD = gnu99;
				GCC_DYNAMIC_NO_PIC = NO;
				GCC_NO_COMMON_BLOCKS = YES;
				GCC_OPTIMIZATION_LEVEL = 0;
				GCC_PREPROCESSOR_DEFINITIONS = (
					"DEBUG=1",
					"$(inherited)",
				);
				GCC_WARN_64_TO_32_BIT_CONVERSION = YES;
				GCC_WARN_ABOUT_RETURN_TYPE = YES_ERROR;
				GCC_WARN_UNDECLARED_SELECTOR = YES;
				GCC_WARN_UNINITIALIZED_AUTOS = YES_AGGRESSIVE;
				GCC_WARN_UNUSED_FUNCTION = YES;
				GCC_WARN_UNUSED_VARIABLE = YES;
				IPHONEOS_DEPLOYMENT_TARGET = 9.0;
				MTL_ENABLE_DEBUG_INFO = YES;
				ONLY_ACTIVE_ARCH = YES;
				SDKROOT = iphoneos;
				SWIFT_OPTIMIZATION_LEVEL = "-Onone";
			};
			name = Debug;
		};
		2B38D0971BB066B0005FD08D /* Release */ = {
			isa = XCBuildConfiguration;
			buildSettings = {
				ALWAYS_SEARCH_USER_PATHS = NO;
				CLANG_CXX_LANGUAGE_STANDARD = "gnu++0x";
				CLANG_CXX_LIBRARY = "libc++";
				CLANG_ENABLE_MODULES = YES;
				CLANG_ENABLE_OBJC_ARC = YES;
				CLANG_WARN_BOOL_CONVERSION = YES;
				CLANG_WARN_CONSTANT_CONVERSION = YES;
				CLANG_WARN_DIRECT_OBJC_ISA_USAGE = YES_ERROR;
				CLANG_WARN_EMPTY_BODY = YES;
				CLANG_WARN_ENUM_CONVERSION = YES;
				CLANG_WARN_INT_CONVERSION = YES;
				CLANG_WARN_OBJC_ROOT_CLASS = YES_ERROR;
				CLANG_WARN_UNREACHABLE_CODE = YES;
				CLANG_WARN__DUPLICATE_METHOD_MATCH = YES;
				"CODE_SIGN_IDENTITY[sdk=iphoneos*]" = "iPhone Developer";
				COPY_PHASE_STRIP = NO;
				DEBUG_INFORMATION_FORMAT = "dwarf-with-dsym";
				ENABLE_NS_ASSERTIONS = NO;
				ENABLE_STRICT_OBJC_MSGSEND = YES;
				GCC_C_LANGUAGE_STANDARD = gnu99;
				GCC_NO_COMMON_BLOCKS = YES;
				GCC_WARN_64_TO_32_BIT_CONVERSION = YES;
				GCC_WARN_ABOUT_RETURN_TYPE = YES_ERROR;
				GCC_WARN_UNDECLARED_SELECTOR = YES;
				GCC_WARN_UNINITIALIZED_AUTOS = YES_AGGRESSIVE;
				GCC_WARN_UNUSED_FUNCTION = YES;
				GCC_WARN_UNUSED_VARIABLE = YES;
				IPHONEOS_DEPLOYMENT_TARGET = 9.0;
				MTL_ENABLE_DEBUG_INFO = NO;
				SDKROOT = iphoneos;
				VALIDATE_PRODUCT = YES;
			};
			name = Release;
		};
		2B38D0991BB066B0005FD08D /* Debug */ = {
			isa = XCBuildConfiguration;
			buildSettings = {
				ASSETCATALOG_COMPILER_APPICON_NAME = AppIcon;
				INFOPLIST_FILE = "Pitch Perfect/Info.plist";
				LD_RUNPATH_SEARCH_PATHS = "$(inherited) @executable_path/Frameworks";
				PRODUCT_BUNDLE_IDENTIFIER = "com.victorhong.Pitch-Perfect";
				PRODUCT_NAME = "$(TARGET_NAME)";
			};
			name = Debug;
		};
		2B38D09A1BB066B0005FD08D /* Release */ = {
			isa = XCBuildConfiguration;
			buildSettings = {
				ASSETCATALOG_COMPILER_APPICON_NAME = AppIcon;
				INFOPLIST_FILE = "Pitch Perfect/Info.plist";
				LD_RUNPATH_SEARCH_PATHS = "$(inherited) @executable_path/Frameworks";
				PRODUCT_BUNDLE_IDENTIFIER = "com.victorhong.Pitch-Perfect";
				PRODUCT_NAME = "$(TARGET_NAME)";
			};
			name = Release;
		};
		2B38D09C1BB066B0005FD08D /* Debug */ = {
			isa = XCBuildConfiguration;
			buildSettings = {
				BUNDLE_LOADER = "$(TEST_HOST)";
				INFOPLIST_FILE = "Pitch PerfectTests/Info.plist";
				LD_RUNPATH_SEARCH_PATHS = "$(inherited) @executable_path/Frameworks @loader_path/Frameworks";
				PRODUCT_BUNDLE_IDENTIFIER = "com.victorhong.Pitch-PerfectTests";
				PRODUCT_NAME = "$(TARGET_NAME)";
				TEST_HOST = "$(BUILT_PRODUCTS_DIR)/Pitch Perfect.app/Pitch Perfect";
			};
			name = Debug;
		};
		2B38D09D1BB066B0005FD08D /* Release */ = {
			isa = XCBuildConfiguration;
			buildSettings = {
				BUNDLE_LOADER = "$(TEST_HOST)";
				INFOPLIST_FILE = "Pitch PerfectTests/Info.plist";
				LD_RUNPATH_SEARCH_PATHS = "$(inherited) @executable_path/Frameworks @loader_path/Frameworks";
				PRODUCT_BUNDLE_IDENTIFIER = "com.victorhong.Pitch-PerfectTests";
				PRODUCT_NAME = "$(TARGET_NAME)";
				TEST_HOST = "$(BUILT_PRODUCTS_DIR)/Pitch Perfect.app/Pitch Perfect";
			};
			name = Release;
		};
		2B38D09F1BB066B0005FD08D /* Debug */ = {
			isa = XCBuildConfiguration;
			buildSettings = {
				INFOPLIST_FILE = "Pitch PerfectUITests/Info.plist";
				LD_RUNPATH_SEARCH_PATHS = "$(inherited) @executable_path/Frameworks @loader_path/Frameworks";
				PRODUCT_BUNDLE_IDENTIFIER = "com.victorhong.Pitch-PerfectUITests";
				PRODUCT_NAME = "$(TARGET_NAME)";
				TEST_TARGET_NAME = "Pitch Perfect";
				USES_XCTRUNNER = YES;
			};
			name = Debug;
		};
		2B38D0A01BB066B0005FD08D /* Release */ = {
			isa = XCBuildConfiguration;
			buildSettings = {
				INFOPLIST_FILE = "Pitch PerfectUITests/Info.plist";
				LD_RUNPATH_SEARCH_PATHS = "$(inherited) @executable_path/Frameworks @loader_path/Frameworks";
				PRODUCT_BUNDLE_IDENTIFIER = "com.victorhong.Pitch-PerfectUITests";
				PRODUCT_NAME = "$(TARGET_NAME)";
				TEST_TARGET_NAME = "Pitch Perfect";
				USES_XCTRUNNER = YES;
			};
			name = Release;
		};
/* End XCBuildConfiguration section */

/* Begin XCConfigurationList section */
		2B38D06B1BB066B0005FD08D /* Build configuration list for PBXProject "Pitch Perfect" */ = {
			isa = XCConfigurationList;
			buildConfigurations = (
				2B38D0961BB066B0005FD08D /* Debug */,
				2B38D0971BB066B0005FD08D /* Release */,
			);
			defaultConfigurationIsVisible = 0;
			defaultConfigurationName = Release;
		};
		2B38D0981BB066B0005FD08D /* Build configuration list for PBXNativeTarget "Pitch Perfect" */ = {
			isa = XCConfigurationList;
			buildConfigurations = (
				2B38D0991BB066B0005FD08D /* Debug */,
				2B38D09A1BB066B0005FD08D /* Release */,
			);
			defaultConfigurationIsVisible = 0;
			defaultConfigurationName = Release;
		};
		2B38D09B1BB066B0005FD08D /* Build configuration list for PBXNativeTarget "Pitch PerfectTests" */ = {
			isa = XCConfigurationList;
			buildConfigurations = (
				2B38D09C1BB066B0005FD08D /* Debug */,
				2B38D09D1BB066B0005FD08D /* Release */,
			);
			defaultConfigurationIsVisible = 0;
			defaultConfigurationName = Release;
		};
		2B38D09E1BB066B0005FD08D /* Build configuration list for PBXNativeTarget "Pitch PerfectUITests" */ = {
			isa = XCConfigurationList;
			buildConfigurations = (
				2B38D09F1BB066B0005FD08D /* Debug */,
				2B38D0A01BB066B0005FD08D /* Release */,
			);
			defaultConfigurationIsVisible = 0;
			defaultConfigurationName = Release;
		};
/* End XCConfigurationList section */
	};
	rootObject = 2B38D0681BB066B0005FD08D /* Project object */;
}
